// !$*UTF8*$!
{
	archiveVersion = 1;
	classes = {
	};
	objectVersion = 48;
	objects = {

/* Begin PBXBuildFile section */
		712FDE28B79467EE9881C2DF /* Pods_AsyncifyExample.framework in Frameworks */ = {isa = PBXBuildFile; fileRef = A2B788E67CC1FC41ECCFD572 /* Pods_AsyncifyExample.framework */; };
		739958992002D63600336837 /* AppDelegate.swift in Sources */ = {isa = PBXBuildFile; fileRef = 739958982002D63600336837 /* AppDelegate.swift */; };
		7399589B2002D63600336837 /* ViewController.swift in Sources */ = {isa = PBXBuildFile; fileRef = 7399589A2002D63600336837 /* ViewController.swift */; };
		7399589E2002D63600336837 /* Main.storyboard in Resources */ = {isa = PBXBuildFile; fileRef = 7399589C2002D63600336837 /* Main.storyboard */; };
		739958A02002D63600336837 /* Assets.xcassets in Resources */ = {isa = PBXBuildFile; fileRef = 7399589F2002D63600336837 /* Assets.xcassets */; };
		739958A32002D63600336837 /* LaunchScreen.storyboard in Resources */ = {isa = PBXBuildFile; fileRef = 739958A12002D63600336837 /* LaunchScreen.storyboard */; };
/* End PBXBuildFile section */

/* Begin PBXFileReference section */
		45DFAD0BB677D8BCD657288A /* Pods-AsyncifyExample.release.xcconfig */ = {isa = PBXFileReference; includeInIndex = 1; lastKnownFileType = text.xcconfig; name = "Pods-AsyncifyExample.release.xcconfig"; path = "Pods/Target Support Files/Pods-AsyncifyExample/Pods-AsyncifyExample.release.xcconfig"; sourceTree = "<group>"; };
		5C79396D975AD6F8E02451D5 /* Pods-AsyncifyExample.debug.xcconfig */ = {isa = PBXFileReference; includeInIndex = 1; lastKnownFileType = text.xcconfig; name = "Pods-AsyncifyExample.debug.xcconfig"; path = "Pods/Target Support Files/Pods-AsyncifyExample/Pods-AsyncifyExample.debug.xcconfig"; sourceTree = "<group>"; };
		739958952002D63600336837 /* AsyncifyExample.app */ = {isa = PBXFileReference; explicitFileType = wrapper.application; includeInIndex = 0; path = AsyncifyExample.app; sourceTree = BUILT_PRODUCTS_DIR; };
		739958982002D63600336837 /* AppDelegate.swift */ = {isa = PBXFileReference; lastKnownFileType = sourcecode.swift; path = AppDelegate.swift; sourceTree = "<group>"; };
		7399589A2002D63600336837 /* ViewController.swift */ = {isa = PBXFileReference; lastKnownFileType = sourcecode.swift; path = ViewController.swift; sourceTree = "<group>"; };
		7399589D2002D63600336837 /* Base */ = {isa = PBXFileReference; lastKnownFileType = file.storyboard; name = Base; path = Base.lproj/Main.storyboard; sourceTree = "<group>"; };
		7399589F2002D63600336837 /* Assets.xcassets */ = {isa = PBXFileReference; lastKnownFileType = folder.assetcatalog; path = Assets.xcassets; sourceTree = "<group>"; };
		739958A22002D63600336837 /* Base */ = {isa = PBXFileReference; lastKnownFileType = file.storyboard; name = Base; path = Base.lproj/LaunchScreen.storyboard; sourceTree = "<group>"; };
		739958A42002D63600336837 /* Info.plist */ = {isa = PBXFileReference; lastKnownFileType = text.plist.xml; path = Info.plist; sourceTree = "<group>"; };
		A2B788E67CC1FC41ECCFD572 /* Pods_AsyncifyExample.framework */ = {isa = PBXFileReference; explicitFileType = wrapper.framework; includeInIndex = 0; path = Pods_AsyncifyExample.framework; sourceTree = BUILT_PRODUCTS_DIR; };
/* End PBXFileReference section */

/* Begin PBXFrameworksBuildPhase section */
		739958922002D63600336837 /* Frameworks */ = {
			isa = PBXFrameworksBuildPhase;
			buildActionMask = 2147483647;
			files = (
				712FDE28B79467EE9881C2DF /* Pods_AsyncifyExample.framework in Frameworks */,
			);
			runOnlyForDeploymentPostprocessing = 0;
		};
/* End PBXFrameworksBuildPhase section */

/* Begin PBXGroup section */
		3C339E07ABC0B32136936AE3 /* Pods */ = {
			isa = PBXGroup;
			children = (
				5C79396D975AD6F8E02451D5 /* Pods-AsyncifyExample.debug.xcconfig */,
				45DFAD0BB677D8BCD657288A /* Pods-AsyncifyExample.release.xcconfig */,
			);
			name = Pods;
			sourceTree = "<group>";
		};
		6E813165E839954E9BBD2503 /* Frameworks */ = {
			isa = PBXGroup;
			children = (
				A2B788E67CC1FC41ECCFD572 /* Pods_AsyncifyExample.framework */,
			);
			name = Frameworks;
			sourceTree = "<group>";
		};
		7399588C2002D63600336837 = {
			isa = PBXGroup;
			children = (
				739958972002D63600336837 /* AsyncifyExample */,
				739958962002D63600336837 /* Products */,
				3C339E07ABC0B32136936AE3 /* Pods */,
				6E813165E839954E9BBD2503 /* Frameworks */,
			);
			sourceTree = "<group>";
		};
		739958962002D63600336837 /* Products */ = {
			isa = PBXGroup;
			children = (
				739958952002D63600336837 /* AsyncifyExample.app */,
			);
			name = Products;
			sourceTree = "<group>";
		};
		739958972002D63600336837 /* AsyncifyExample */ = {
			isa = PBXGroup;
			children = (
				739958982002D63600336837 /* AppDelegate.swift */,
				7399589A2002D63600336837 /* ViewController.swift */,
				7399589C2002D63600336837 /* Main.storyboard */,
				7399589F2002D63600336837 /* Assets.xcassets */,
				739958A12002D63600336837 /* LaunchScreen.storyboard */,
				739958A42002D63600336837 /* Info.plist */,
			);
			path = AsyncifyExample;
			sourceTree = "<group>";
		};
/* End PBXGroup section */

/* Begin PBXNativeTarget section */
		739958942002D63600336837 /* AsyncifyExample */ = {
			isa = PBXNativeTarget;
			buildConfigurationList = 739958A72002D63600336837 /* Build configuration list for PBXNativeTarget "AsyncifyExample" */;
			buildPhases = (
				2F7C3A6D0E6E5534ABD4CC22 /* [CP] Check Pods Manifest.lock */,
				739958912002D63600336837 /* Sources */,
				739958922002D63600336837 /* Frameworks */,
				739958932002D63600336837 /* Resources */,
				6232EC00EDA5330A527F5528 /* [CP] Embed Pods Frameworks */,
				4635F5CADA09053E047A8EF6 /* [CP] Copy Pods Resources */,
			);
			buildRules = (
			);
			dependencies = (
			);
			name = AsyncifyExample;
			productName = AsyncifyExample;
			productReference = 739958952002D63600336837 /* AsyncifyExample.app */;
			productType = "com.apple.product-type.application";
		};
/* End PBXNativeTarget section */

/* Begin PBXProject section */
		7399588D2002D63600336837 /* Project object */ = {
			isa = PBXProject;
			attributes = {
				LastSwiftUpdateCheck = 0920;
				LastUpgradeCheck = 0920;
				ORGANIZATIONNAME = "Jennifer Clark";
				TargetAttributes = {
					739958942002D63600336837 = {
						CreatedOnToolsVersion = 9.2;
						ProvisioningStyle = Automatic;
					};
				};
			};
			buildConfigurationList = 739958902002D63600336837 /* Build configuration list for PBXProject "AsyncifyExample" */;
			compatibilityVersion = "Xcode 8.0";
			developmentRegion = en;
			hasScannedForEncodings = 0;
			knownRegions = (
				en,
				Base,
			);
			mainGroup = 7399588C2002D63600336837;
			productRefGroup = 739958962002D63600336837 /* Products */;
			projectDirPath = "";
			projectRoot = "";
			targets = (
				739958942002D63600336837 /* AsyncifyExample */,
			);
		};
/* End PBXProject section */

/* Begin PBXResourcesBuildPhase section */
		739958932002D63600336837 /* Resources */ = {
			isa = PBXResourcesBuildPhase;
			buildActionMask = 2147483647;
			files = (
				739958A32002D63600336837 /* LaunchScreen.storyboard in Resources */,
				739958A02002D63600336837 /* Assets.xcassets in Resources */,
				7399589E2002D63600336837 /* Main.storyboard in Resources */,
			);
			runOnlyForDeploymentPostprocessing = 0;
		};
/* End PBXResourcesBuildPhase section */

/* Begin PBXShellScriptBuildPhase section */
		2F7C3A6D0E6E5534ABD4CC22 /* [CP] Check Pods Manifest.lock */ = {
			isa = PBXShellScriptBuildPhase;
			buildActionMask = 2147483647;
			files = (
			);
			inputPaths = (
				"${PODS_PODFILE_DIR_PATH}/Podfile.lock",
				"${PODS_ROOT}/Manifest.lock",
			);
			name = "[CP] Check Pods Manifest.lock";
			outputPaths = (
				"$(DERIVED_FILE_DIR)/Pods-AsyncifyExample-checkManifestLockResult.txt",
			);
			runOnlyForDeploymentPostprocessing = 0;
			shellPath = /bin/sh;
			shellScript = "diff \"${PODS_PODFILE_DIR_PATH}/Podfile.lock\" \"${PODS_ROOT}/Manifest.lock\" > /dev/null\nif [ $? != 0 ] ; then\n    # print error to STDERR\n    echo \"error: The sandbox is not in sync with the Podfile.lock. Run 'pod install' or update your CocoaPods installation.\" >&2\n    exit 1\nfi\n# This output is used by Xcode 'outputs' to avoid re-running this script phase.\necho \"SUCCESS\" > \"${SCRIPT_OUTPUT_FILE_0}\"\n";
			showEnvVarsInLog = 0;
		};
		4635F5CADA09053E047A8EF6 /* [CP] Copy Pods Resources */ = {
			isa = PBXShellScriptBuildPhase;
			buildActionMask = 2147483647;
			files = (
			);
			inputPaths = (
			);
			name = "[CP] Copy Pods Resources";
			outputPaths = (
			);
			runOnlyForDeploymentPostprocessing = 0;
			shellPath = /bin/sh;
			shellScript = "\"${SRCROOT}/Pods/Target Support Files/Pods-AsyncifyExample/Pods-AsyncifyExample-resources.sh\"\n";
			showEnvVarsInLog = 0;
		};
		6232EC00EDA5330A527F5528 /* [CP] Embed Pods Frameworks */ = {
			isa = PBXShellScriptBuildPhase;
			buildActionMask = 2147483647;
			files = (
			);
			inputPaths = (
				"${SRCROOT}/Pods/Target Support Files/Pods-AsyncifyExample/Pods-AsyncifyExample-frameworks.sh",
				"${BUILT_PRODUCTS_DIR}/Asyncify/Asyncify.framework",
			);
			name = "[CP] Embed Pods Frameworks";
			outputPaths = (
				"${TARGET_BUILD_DIR}/${FRAMEWORKS_FOLDER_PATH}/Asyncify.framework",
			);
			runOnlyForDeploymentPostprocessing = 0;
			shellPath = /bin/sh;
			shellScript = "\"${SRCROOT}/Pods/Target Support Files/Pods-AsyncifyExample/Pods-AsyncifyExample-frameworks.sh\"\n";
			showEnvVarsInLog = 0;
		};
/* End PBXShellScriptBuildPhase section */

/* Begin PBXSourcesBuildPhase section */
		739958912002D63600336837 /* Sources */ = {
			isa = PBXSourcesBuildPhase;
			buildActionMask = 2147483647;
			files = (
				7399589B2002D63600336837 /* ViewController.swift in Sources */,
				739958992002D63600336837 /* AppDelegate.swift in Sources */,
			);
			runOnlyForDeploymentPostprocessing = 0;
		};
/* End PBXSourcesBuildPhase section */

/* Begin PBXVariantGroup section */
		7399589C2002D63600336837 /* Main.storyboard */ = {
			isa = PBXVariantGroup;
			children = (
				7399589D2002D63600336837 /* Base */,
			);
			name = Main.storyboard;
			sourceTree = "<group>";
		};
		739958A12002D63600336837 /* LaunchScreen.storyboard */ = {
			isa = PBXVariantGroup;
			children = (
				739958A22002D63600336837 /* Base */,
			);
			name = LaunchScreen.storyboard;
			sourceTree = "<group>";
		};
/* End PBXVariantGroup section */

/* Begin XCBuildConfiguration section */
		739958A52002D63600336837 /* Debug */ = {
			isa = XCBuildConfiguration;
			buildSettings = {
				ALWAYS_SEARCH_USER_PATHS = NO;
				CLANG_ANALYZER_NONNULL = YES;
				CLANG_ANALYZER_NUMBER_OBJECT_CONVERSION = YES_AGGRESSIVE;
				CLANG_CXX_LANGUAGE_STANDARD = "gnu++14";
				CLANG_CXX_LIBRARY = "libc++";
				CLANG_ENABLE_MODULES = YES;
				CLANG_ENABLE_OBJC_ARC = YES;
				CLANG_WARN_BLOCK_CAPTURE_AUTORELEASING = YES;
				CLANG_WARN_BOOL_CONVERSION = YES;
				CLANG_WARN_COMMA = YES;
				CLANG_WARN_CONSTANT_CONVERSION = YES;
				CLANG_WARN_DIRECT_OBJC_ISA_USAGE = YES_ERROR;
				CLANG_WARN_DOCUMENTATION_COMMENTS = YES;
				CLANG_WARN_EMPTY_BODY = YES;
				CLANG_WARN_ENUM_CONVERSION = YES;
				CLANG_WARN_INFINITE_RECURSION = YES;
				CLANG_WARN_INT_CONVERSION = YES;
				CLANG_WARN_NON_LITERAL_NULL_CONVERSION = YES;
				CLANG_WARN_OBJC_LITERAL_CONVERSION = YES;
				CLANG_WARN_OBJC_ROOT_CLASS = YES_ERROR;
				CLANG_WARN_RANGE_LOOP_ANALYSIS = YES;
				CLANG_WARN_STRICT_PROTOTYPES = YES;
				CLANG_WARN_SUSPICIOUS_MOVE = YES;
				CLANG_WARN_UNGUARDED_AVAILABILITY = YES_AGGRESSIVE;
				CLANG_WARN_UNREACHABLE_CODE = YES;
				CLANG_WARN__DUPLICATE_METHOD_MATCH = YES;
				CODE_SIGN_IDENTITY = "iPhone Developer";
				COPY_PHASE_STRIP = NO;
				DEBUG_INFORMATION_FORMAT = dwarf;
				ENABLE_STRICT_OBJC_MSGSEND = YES;
				ENABLE_TESTABILITY = YES;
				GCC_C_LANGUAGE_STANDARD = gnu11;
				GCC_DYNAMIC_NO_PIC = NO;
				GCC_NO_COMMON_BLOCKS = YES;
				GCC_OPTIMIZATION_LEVEL = 0;
				GCC_PREPROCESSOR_DEFINITIONS = (
					"DEBUG=1",
					"$(inherited)",
				);
				GCC_WARN_64_TO_32_BIT_CONVERSION = YES;
				GCC_WARN_ABOUT_RETURN_TYPE = YES_ERROR;
				GCC_WARN_UNDECLARED_SELECTOR = YES;
				GCC_WARN_UNINITIALIZED_AUTOS = YES_AGGRESSIVE;
				GCC_WARN_UNUSED_FUNCTION = YES;
				GCC_WARN_UNUSED_VARIABLE = YES;
				IPHONEOS_DEPLOYMENT_TARGET = 11.2;
				MTL_ENABLE_DEBUG_INFO = YES;
				ONLY_ACTIVE_ARCH = YES;
				SDKROOT = iphoneos;
				SWIFT_ACTIVE_COMPILATION_CONDITIONS = DEBUG;
				SWIFT_OPTIMIZATION_LEVEL = "-Onone";
			};
			name = Debug;
		};
		739958A62002D63600336837 /* Release */ = {
			isa = XCBuildConfiguration;
			buildSettings = {
				ALWAYS_SEARCH_USER_PATHS = NO;
				CLANG_ANALYZER_NONNULL = YES;
				CLANG_ANALYZER_NUMBER_OBJECT_CONVERSION = YES_AGGRESSIVE;
				CLANG_CXX_LANGUAGE_STANDARD = "gnu++14";
				CLANG_CXX_LIBRARY = "libc++";
				CLANG_ENABLE_MODULES = YES;
				CLANG_ENABLE_OBJC_ARC = YES;
				CLANG_WARN_BLOCK_CAPTURE_AUTORELEASING = YES;
				CLANG_WARN_BOOL_CONVERSION = YES;
				CLANG_WARN_COMMA = YES;
				CLANG_WARN_CONSTANT_CONVERSION = YES;
				CLANG_WARN_DIRECT_OBJC_ISA_USAGE = YES_ERROR;
				CLANG_WARN_DOCUMENTATION_COMMENTS = YES;
				CLANG_WARN_EMPTY_BODY = YES;
				CLANG_WARN_ENUM_CONVERSION = YES;
				CLANG_WARN_INFINITE_RECURSION = YES;
				CLANG_WARN_INT_CONVERSION = YES;
				CLANG_WARN_NON_LITERAL_NULL_CONVERSION = YES;
				CLANG_WARN_OBJC_LITERAL_CONVERSION = YES;
				CLANG_WARN_OBJC_ROOT_CLASS = YES_ERROR;
				CLANG_WARN_RANGE_LOOP_ANALYSIS = YES;
				CLANG_WARN_STRICT_PROTOTYPES = YES;
				CLANG_WARN_SUSPICIOUS_MOVE = YES;
				CLANG_WARN_UNGUARDED_AVAILABILITY = YES_AGGRESSIVE;
				CLANG_WARN_UNREACHABLE_CODE = YES;
				CLANG_WARN__DUPLICATE_METHOD_MATCH = YES;
				CODE_SIGN_IDENTITY = "iPhone Developer";
				COPY_PHASE_STRIP = NO;
				DEBUG_INFORMATION_FORMAT = "dwarf-with-dsym";
				ENABLE_NS_ASSERTIONS = NO;
				ENABLE_STRICT_OBJC_MSGSEND = YES;
				GCC_C_LANGUAGE_STANDARD = gnu11;
				GCC_NO_COMMON_BLOCKS = YES;
				GCC_WARN_64_TO_32_BIT_CONVERSION = YES;
				GCC_WARN_ABOUT_RETURN_TYPE = YES_ERROR;
				GCC_WARN_UNDECLARED_SELECTOR = YES;
				GCC_WARN_UNINITIALIZED_AUTOS = YES_AGGRESSIVE;
				GCC_WARN_UNUSED_FUNCTION = YES;
				GCC_WARN_UNUSED_VARIABLE = YES;
				IPHONEOS_DEPLOYMENT_TARGET = 11.2;
				MTL_ENABLE_DEBUG_INFO = NO;
				SDKROOT = iphoneos;
				SWIFT_OPTIMIZATION_LEVEL = "-Owholemodule";
				VALIDATE_PRODUCT = YES;
			};
			name = Release;
		};
		739958A82002D63600336837 /* Debug */ = {
			isa = XCBuildConfiguration;
			baseConfigurationReference = 5C79396D975AD6F8E02451D5 /* Pods-AsyncifyExample.debug.xcconfig */;
			buildSettings = {
				ASSETCATALOG_COMPILER_APPICON_NAME = AppIcon;
				CODE_SIGN_STYLE = Automatic;
				DEVELOPMENT_TEAM = K625858FBU;
				INFOPLIST_FILE = AsyncifyExample/Info.plist;
				LD_RUNPATH_SEARCH_PATHS = "$(inherited) @executable_path/Frameworks";
				PRODUCT_BUNDLE_IDENTIFIER = JenniferClark.AsyncifyExample;
				PRODUCT_NAME = "$(TARGET_NAME)";
				TARGETED_DEVICE_FAMILY = "1,2";
			};
			name = Debug;
		};
		739958A92002D63600336837 /* Release */ = {
			isa = XCBuildConfiguration;
			baseConfigurationReference = 45DFAD0BB677D8BCD657288A /* Pods-AsyncifyExample.release.xcconfig */;
			buildSettings = {
				ASSETCATALOG_COMPILER_APPICON_NAME = AppIcon;
				CODE_SIGN_STYLE = Automatic;
				DEVELOPMENT_TEAM = K625858FBU;
				INFOPLIST_FILE = AsyncifyExample/Info.plist;
				LD_RUNPATH_SEARCH_PATHS = "$(inherited) @executable_path/Frameworks";
				PRODUCT_BUNDLE_IDENTIFIER = JenniferClark.AsyncifyExample;
				PRODUCT_NAME = "$(TARGET_NAME)";
				TARGETED_DEVICE_FAMILY = "1,2";
			};
			name = Release;
		};
/* End XCBuildConfiguration section */

/* Begin XCConfigurationList section */
		739958902002D63600336837 /* Build configuration list for PBXProject "AsyncifyExample" */ = {
			isa = XCConfigurationList;
			buildConfigurations = (
				739958A52002D63600336837 /* Debug */,
				739958A62002D63600336837 /* Release */,
			);
			defaultConfigurationIsVisible = 0;
			defaultConfigurationName = Release;
		};
		739958A72002D63600336837 /* Build configuration list for PBXNativeTarget "AsyncifyExample" */ = {
			isa = XCConfigurationList;
			buildConfigurations = (
				739958A82002D63600336837 /* Debug */,
				739958A92002D63600336837 /* Release */,
			);
			defaultConfigurationIsVisible = 0;
			defaultConfigurationName = Release;
		};
/* End XCConfigurationList section */
	};
	rootObject = 7399588D2002D63600336837 /* Project object */;
}
